
Microsoft Visual Studio Solution File, Format Version 12.00
# Visual Studio Version 16
VisualStudioVersion = 16.0.31025.194
MinimumVisualStudioVersion = 10.0.40219.1
Project("{9A19103F-16F7-4668-BE54-9A1E7A4F7556}") = "sudoWs", "sudoWs.csproj", "{0EE16E2D-2E9C-4386-9A95-074EFFAC4CD8}"
EndProject
Global
	GlobalSection(SolutionConfigurationPlatforms) = preSolution
		Debug|Any CPU = Debug|Any CPU
		Release|Any CPU = Release|Any CPU
	EndGlobalSection
	GlobalSection(ProjectConfigurationPlatforms) = postSolution
		{0EE16E2D-2E9C-4386-9A95-074EFFAC4CD8}.Debug|Any CPU.ActiveCfg = Debug|Any CPU
		{0EE16E2D-2E9C-4386-9A95-074EFFAC4CD8}.Debug|Any CPU.Build.0 = Debug|Any CPU
		{0EE16E2D-2E9C-4386-9A95-074EFFAC4CD8}.Release|Any CPU.ActiveCfg = Release|Any CPU
		{0EE16E2D-2E9C-4386-9A95-074EFFAC4CD8}.Release|Any CPU.Build.0 = Release|Any CPU
	EndGlobalSection
	GlobalSection(SolutionProperties) = preSolution
		HideSolutionNode = FALSE
	EndGlobalSection
	GlobalSection(ExtensibilityGlobals) = postSolution
		SolutionGuid = {124879C9-AFFC-443B-B8EB-D2E2F96E81CC}
	EndGlobalSection
EndGlobal
